
Microsoft Visual Studio Solution File, Format Version 12.00
# Visual Studio Version 16
VisualStudioVersion = 16.0.30711.63
MinimumVisualStudioVersion = 10.0.40219.1
Project("{FAE04EC0-301F-11D3-BF4B-00C04F79EFBC}") = "KustarovBot", "KustarovBot\KustarovBot.csproj", "{A465391A-3142-4FC5-BC64-677BDA45AD72}"
EndProject
Project("{FAE04EC0-301F-11D3-BF4B-00C04F79EFBC}") = "KustarovBotTelegramUI", "KustarovBotTelegramUI\KustarovBotTelegramUI.csproj", "{D6B827E8-677C-4AF5-8799-59192460091F}"
EndProject
Project("{FAE04EC0-301F-11D3-BF4B-00C04F79EFBC}") = "KustarovBot.Shared", "KustarovBot.Shared\KustarovBot.Shared.csproj", "{04E6E07D-72A0-4B2F-A088-2936D4A1332A}"
EndProject
Global
	GlobalSection(SolutionConfigurationPlatforms) = preSolution
		Debug|Any CPU = Debug|Any CPU
		Release|Any CPU = Release|Any CPU
	EndGlobalSection
	GlobalSection(ProjectConfigurationPlatforms) = postSolution
		{A465391A-3142-4FC5-BC64-677BDA45AD72}.Debug|Any CPU.ActiveCfg = Debug|Any CPU
		{A465391A-3142-4FC5-BC64-677BDA45AD72}.Debug|Any CPU.Build.0 = Debug|Any CPU
		{A465391A-3142-4FC5-BC64-677BDA45AD72}.Release|Any CPU.ActiveCfg = Release|Any CPU
		{A465391A-3142-4FC5-BC64-677BDA45AD72}.Release|Any CPU.Build.0 = Release|Any CPU
		{D6B827E8-677C-4AF5-8799-59192460091F}.Debug|Any CPU.ActiveCfg = Debug|Any CPU
		{D6B827E8-677C-4AF5-8799-59192460091F}.Debug|Any CPU.Build.0 = Debug|Any CPU
		{D6B827E8-677C-4AF5-8799-59192460091F}.Release|Any CPU.ActiveCfg = Release|Any CPU
		{D6B827E8-677C-4AF5-8799-59192460091F}.Release|Any CPU.Build.0 = Release|Any CPU
		{04E6E07D-72A0-4B2F-A088-2936D4A1332A}.Debug|Any CPU.ActiveCfg = Debug|Any CPU
		{04E6E07D-72A0-4B2F-A088-2936D4A1332A}.Debug|Any CPU.Build.0 = Debug|Any CPU
		{04E6E07D-72A0-4B2F-A088-2936D4A1332A}.Release|Any CPU.ActiveCfg = Release|Any CPU
		{04E6E07D-72A0-4B2F-A088-2936D4A1332A}.Release|Any CPU.Build.0 = Release|Any CPU
	EndGlobalSection
	GlobalSection(SolutionProperties) = preSolution
		HideSolutionNode = FALSE
	EndGlobalSection
	GlobalSection(ExtensibilityGlobals) = postSolution
		SolutionGuid = {A3014BF4-1996-428A-9DD5-865E5B7912D4}
	EndGlobalSection
EndGlobal
